Microsoft Visual Studio Solution File, Format Version 12.00
# Visual Studio Version 17
VisualStudioVersion = 17.5.2.0
MinimumVisualStudioVersion = 10.0.40219.1
Project("{FAE04EC0-301F-11D3-BF4B-00C04F79EFBC}") = "transactions-api", "transactions-api.csproj", "{D316CB4A-00E0-090C-85D4-CB216F45C7C2}"
EndProject
Global
	GlobalSection(SolutionConfigurationPlatforms) = preSolution
		Debug|Any CPU = Debug|Any CPU
		Release|Any CPU = Release|Any CPU
	EndGlobalSection
	GlobalSection(ProjectConfigurationPlatforms) = postSolution
		{D316CB4A-00E0-090C-85D4-CB216F45C7C2}.Debug|Any CPU.ActiveCfg = Debug|Any CPU
		{D316CB4A-00E0-090C-85D4-CB216F45C7C2}.Debug|Any CPU.Build.0 = Debug|Any CPU
		{D316CB4A-00E0-090C-85D4-CB216F45C7C2}.Release|Any CPU.ActiveCfg = Release|Any CPU
		{D316CB4A-00E0-090C-85D4-CB216F45C7C2}.Release|Any CPU.Build.0 = Release|Any CPU
	EndGlobalSection
	GlobalSection(SolutionProperties) = preSolution
		HideSolutionNode = FALSE
	EndGlobalSection
	GlobalSection(ExtensibilityGlobals) = postSolution
		SolutionGuid = {F05D0B83-A771-49D5-B330-78BEE9D82CCA}
	EndGlobalSection
EndGlobal
